// !$*UTF8*$!
{
	archiveVersion = 1;
	classes = {
	};
	objectVersion = 51;
	objects = {

/* Begin PBXBuildFile section */
		0DB42E1F66E7CCC71D5D2B8E /* Pods_WeatherForecast.framework in Frameworks */ = {isa = PBXBuildFile; fileRef = D0FCFBB629AF51C54845A964 /* Pods_WeatherForecast.framework */; };
		4E34544EEDFB9D9344FDFCD5 /* Pods_WeatherForecast_WeatherForecastUITests.framework in Frameworks */ = {isa = PBXBuildFile; fileRef = 35A87455C01AB9F779D562BE /* Pods_WeatherForecast_WeatherForecastUITests.framework */; };
		51C28908DEFCD0F0DED9487C /* Pods_WeatherForecastTests.framework in Frameworks */ = {isa = PBXBuildFile; fileRef = 58EC670C6A8FBAFEC66B87AB /* Pods_WeatherForecastTests.framework */; };
		8B3C65B1255D16E0005B498B /* AppDelegate.swift in Sources */ = {isa = PBXBuildFile; fileRef = 8B3C65B0255D16E0005B498B /* AppDelegate.swift */; };
		8B3C65B5255D16E0005B498B /* WeatherOverviewVC.swift in Sources */ = {isa = PBXBuildFile; fileRef = 8B3C65B4255D16E0005B498B /* WeatherOverviewVC.swift */; };
		8B3C65B8255D16E0005B498B /* Main.storyboard in Resources */ = {isa = PBXBuildFile; fileRef = 8B3C65B6255D16E0005B498B /* Main.storyboard */; };
		8B3C65BA255D16E2005B498B /* Assets.xcassets in Resources */ = {isa = PBXBuildFile; fileRef = 8B3C65B9255D16E2005B498B /* Assets.xcassets */; };
		8B3C65BD255D16E2005B498B /* LaunchScreen.storyboard in Resources */ = {isa = PBXBuildFile; fileRef = 8B3C65BB255D16E2005B498B /* LaunchScreen.storyboard */; };
		8B3C65C8255D16E3005B498B /* WeatherForecastTests.swift in Sources */ = {isa = PBXBuildFile; fileRef = 8B3C65C7255D16E3005B498B /* WeatherForecastTests.swift */; };
		8B3C65D3255D16E3005B498B /* WeatherForecastUITests.swift in Sources */ = {isa = PBXBuildFile; fileRef = 8B3C65D2255D16E3005B498B /* WeatherForecastUITests.swift */; };
		8B3C65F8255D1841005B498B /* WeatherNetworking.swift in Sources */ = {isa = PBXBuildFile; fileRef = 8B3C65F7255D1841005B498B /* WeatherNetworking.swift */; };
		8B3C65F9255D1841005B498B /* WeatherNetworking.swift in Sources */ = {isa = PBXBuildFile; fileRef = 8B3C65F7255D1841005B498B /* WeatherNetworking.swift */; };
		8B3C65FA255D1841005B498B /* WeatherNetworking.swift in Sources */ = {isa = PBXBuildFile; fileRef = 8B3C65F7255D1841005B498B /* WeatherNetworking.swift */; };
		8B3C6611255D1887005B498B /* UserDefaultsManager.swift in Sources */ = {isa = PBXBuildFile; fileRef = 8B3C660F255D1887005B498B /* UserDefaultsManager.swift */; };
		8B3C6612255D1887005B498B /* UserDefaultsManager.swift in Sources */ = {isa = PBXBuildFile; fileRef = 8B3C660F255D1887005B498B /* UserDefaultsManager.swift */; };
		8B3C6613255D1887005B498B /* UserDefaultsManager.swift in Sources */ = {isa = PBXBuildFile; fileRef = 8B3C660F255D1887005B498B /* UserDefaultsManager.swift */; };
		8B3C6614255D1887005B498B /* LoadingSpinnerManager.swift in Sources */ = {isa = PBXBuildFile; fileRef = 8B3C6610255D1887005B498B /* LoadingSpinnerManager.swift */; };
		8B3C6615255D1887005B498B /* LoadingSpinnerManager.swift in Sources */ = {isa = PBXBuildFile; fileRef = 8B3C6610255D1887005B498B /* LoadingSpinnerManager.swift */; };
		8B3C6616255D1887005B498B /* LoadingSpinnerManager.swift in Sources */ = {isa = PBXBuildFile; fileRef = 8B3C6610255D1887005B498B /* LoadingSpinnerManager.swift */; };
		8B3C665C255D1B20005B498B /* UIViewController+StoryBoard.swift in Sources */ = {isa = PBXBuildFile; fileRef = 8B3C6644255D1B1F005B498B /* UIViewController+StoryBoard.swift */; };
		8B3C665D255D1B20005B498B /* UIViewController+StoryBoard.swift in Sources */ = {isa = PBXBuildFile; fileRef = 8B3C6644255D1B1F005B498B /* UIViewController+StoryBoard.swift */; };
		8B3C665E255D1B20005B498B /* UIViewController+StoryBoard.swift in Sources */ = {isa = PBXBuildFile; fileRef = 8B3C6644255D1B1F005B498B /* UIViewController+StoryBoard.swift */; };
		8B3C6665255D1B20005B498B /* Notification+Name.swift in Sources */ = {isa = PBXBuildFile; fileRef = 8B3C6647255D1B1F005B498B /* Notification+Name.swift */; };
		8B3C6666255D1B20005B498B /* Notification+Name.swift in Sources */ = {isa = PBXBuildFile; fileRef = 8B3C6647255D1B1F005B498B /* Notification+Name.swift */; };
		8B3C6667255D1B20005B498B /* Notification+Name.swift in Sources */ = {isa = PBXBuildFile; fileRef = 8B3C6647255D1B1F005B498B /* Notification+Name.swift */; };
		8B3C6674255D1B20005B498B /* Date+Day.swift in Sources */ = {isa = PBXBuildFile; fileRef = 8B3C664C255D1B20005B498B /* Date+Day.swift */; };
		8B3C6675255D1B20005B498B /* Date+Day.swift in Sources */ = {isa = PBXBuildFile; fileRef = 8B3C664C255D1B20005B498B /* Date+Day.swift */; };
		8B3C6676255D1B20005B498B /* Date+Day.swift in Sources */ = {isa = PBXBuildFile; fileRef = 8B3C664C255D1B20005B498B /* Date+Day.swift */; };
		8B3C668C255D1B20005B498B /* UIView+Loading.swift in Sources */ = {isa = PBXBuildFile; fileRef = 8B3C6654255D1B20005B498B /* UIView+Loading.swift */; };
		8B3C668D255D1B20005B498B /* UIView+Loading.swift in Sources */ = {isa = PBXBuildFile; fileRef = 8B3C6654255D1B20005B498B /* UIView+Loading.swift */; };
		8B3C668E255D1B20005B498B /* UIView+Loading.swift in Sources */ = {isa = PBXBuildFile; fileRef = 8B3C6654255D1B20005B498B /* UIView+Loading.swift */; };
		8B3C6699255D1B41005B498B /* BaseAPI.swift in Sources */ = {isa = PBXBuildFile; fileRef = 8B3C6698255D1B41005B498B /* BaseAPI.swift */; };
		8B3C669A255D1B41005B498B /* BaseAPI.swift in Sources */ = {isa = PBXBuildFile; fileRef = 8B3C6698255D1B41005B498B /* BaseAPI.swift */; };
		8B3C669B255D1B41005B498B /* BaseAPI.swift in Sources */ = {isa = PBXBuildFile; fileRef = 8B3C6698255D1B41005B498B /* BaseAPI.swift */; };
		8B3C66AC255D1B5C005B498B /* BaseError.swift in Sources */ = {isa = PBXBuildFile; fileRef = 8B3C66A9255D1B5C005B498B /* BaseError.swift */; };
		8B3C66AD255D1B5C005B498B /* BaseError.swift in Sources */ = {isa = PBXBuildFile; fileRef = 8B3C66A9255D1B5C005B498B /* BaseError.swift */; };
		8B3C66AE255D1B5C005B498B /* BaseError.swift in Sources */ = {isa = PBXBuildFile; fileRef = 8B3C66A9255D1B5C005B498B /* BaseError.swift */; };
		8B3C66B2255D1B5C005B498B /* TargetType.swift in Sources */ = {isa = PBXBuildFile; fileRef = 8B3C66AB255D1B5C005B498B /* TargetType.swift */; };
		8B3C66B3255D1B5C005B498B /* TargetType.swift in Sources */ = {isa = PBXBuildFile; fileRef = 8B3C66AB255D1B5C005B498B /* TargetType.swift */; };
		8B3C66B4255D1B5C005B498B /* TargetType.swift in Sources */ = {isa = PBXBuildFile; fileRef = 8B3C66AB255D1B5C005B498B /* TargetType.swift */; };
		8B3C66CF255D1E10005B498B /* Constants.swift in Sources */ = {isa = PBXBuildFile; fileRef = 8B3C66CE255D1E10005B498B /* Constants.swift */; };
		8B3C66D0255D1E10005B498B /* Constants.swift in Sources */ = {isa = PBXBuildFile; fileRef = 8B3C66CE255D1E10005B498B /* Constants.swift */; };
		8B3C66D1255D1E10005B498B /* Constants.swift in Sources */ = {isa = PBXBuildFile; fileRef = 8B3C66CE255D1E10005B498B /* Constants.swift */; };
		8B3C66DC255D202B005B498B /* WeatherProvider.swift in Sources */ = {isa = PBXBuildFile; fileRef = 8B3C66DB255D202B005B498B /* WeatherProvider.swift */; };
		8B3C66DD255D202B005B498B /* WeatherProvider.swift in Sources */ = {isa = PBXBuildFile; fileRef = 8B3C66DB255D202B005B498B /* WeatherProvider.swift */; };
		8B3C66DE255D202B005B498B /* WeatherProvider.swift in Sources */ = {isa = PBXBuildFile; fileRef = 8B3C66DB255D202B005B498B /* WeatherProvider.swift */; };
		8B3C66E3255D225A005B498B /* WeatherForecastResponse.swift in Sources */ = {isa = PBXBuildFile; fileRef = 8B3C66E2255D225A005B498B /* WeatherForecastResponse.swift */; };
		8B3C66E4255D225A005B498B /* WeatherForecastResponse.swift in Sources */ = {isa = PBXBuildFile; fileRef = 8B3C66E2255D225A005B498B /* WeatherForecastResponse.swift */; };
		8B3C66E5255D225A005B498B /* WeatherForecastResponse.swift in Sources */ = {isa = PBXBuildFile; fileRef = 8B3C66E2255D225A005B498B /* WeatherForecastResponse.swift */; };
		8B3C66EA255D2293005B498B /* WeatherModel.swift in Sources */ = {isa = PBXBuildFile; fileRef = 8B3C66E9255D2293005B498B /* WeatherModel.swift */; };
		8B3C66EB255D2293005B498B /* WeatherModel.swift in Sources */ = {isa = PBXBuildFile; fileRef = 8B3C66E9255D2293005B498B /* WeatherModel.swift */; };
		8B3C66EC255D2293005B498B /* WeatherModel.swift in Sources */ = {isa = PBXBuildFile; fileRef = 8B3C66E9255D2293005B498B /* WeatherModel.swift */; };
		8B3C6722255D2CE4005B498B /* DailyWeatherModel.swift in Sources */ = {isa = PBXBuildFile; fileRef = 8B3C6721255D2CE4005B498B /* DailyWeatherModel.swift */; };
		8B3C6723255D2CE4005B498B /* DailyWeatherModel.swift in Sources */ = {isa = PBXBuildFile; fileRef = 8B3C6721255D2CE4005B498B /* DailyWeatherModel.swift */; };
		8B3C6724255D2CE4005B498B /* DailyWeatherModel.swift in Sources */ = {isa = PBXBuildFile; fileRef = 8B3C6721255D2CE4005B498B /* DailyWeatherModel.swift */; };
		8B3C6729255D2D1A005B498B /* WeatherDetailsModel.swift in Sources */ = {isa = PBXBuildFile; fileRef = 8B3C6728255D2D1A005B498B /* WeatherDetailsModel.swift */; };
		8B3C672A255D2D1A005B498B /* WeatherDetailsModel.swift in Sources */ = {isa = PBXBuildFile; fileRef = 8B3C6728255D2D1A005B498B /* WeatherDetailsModel.swift */; };
		8B3C672B255D2D1A005B498B /* WeatherDetailsModel.swift in Sources */ = {isa = PBXBuildFile; fileRef = 8B3C6728255D2D1A005B498B /* WeatherDetailsModel.swift */; };
		8B3C6730255D3241005B498B /* TemperatureModel.swift in Sources */ = {isa = PBXBuildFile; fileRef = 8B3C672F255D3241005B498B /* TemperatureModel.swift */; };
		8B3C6731255D3241005B498B /* TemperatureModel.swift in Sources */ = {isa = PBXBuildFile; fileRef = 8B3C672F255D3241005B498B /* TemperatureModel.swift */; };
		8B3C6732255D3241005B498B /* TemperatureModel.swift in Sources */ = {isa = PBXBuildFile; fileRef = 8B3C672F255D3241005B498B /* TemperatureModel.swift */; };
		8B3C673A255D34E1005B498B /* TemperatureVM.swift in Sources */ = {isa = PBXBuildFile; fileRef = 8B3C6739255D34E1005B498B /* TemperatureVM.swift */; };
		8B3C673B255D34E1005B498B /* TemperatureVM.swift in Sources */ = {isa = PBXBuildFile; fileRef = 8B3C6739255D34E1005B498B /* TemperatureVM.swift */; };
		8B3C673C255D34E1005B498B /* TemperatureVM.swift in Sources */ = {isa = PBXBuildFile; fileRef = 8B3C6739255D34E1005B498B /* TemperatureVM.swift */; };
		8B3C674C255D37DA005B498B /* Double+Temp.swift in Sources */ = {isa = PBXBuildFile; fileRef = 8B3C674B255D37DA005B498B /* Double+Temp.swift */; };
		8B3C674D255D37DA005B498B /* Double+Temp.swift in Sources */ = {isa = PBXBuildFile; fileRef = 8B3C674B255D37DA005B498B /* Double+Temp.swift */; };
		8B3C674E255D37DA005B498B /* Double+Temp.swift in Sources */ = {isa = PBXBuildFile; fileRef = 8B3C674B255D37DA005B498B /* Double+Temp.swift */; };
		8B3C6753255D39E3005B498B /* WeatherOverviewViewModel.swift in Sources */ = {isa = PBXBuildFile; fileRef = 8B3C6752255D39E3005B498B /* WeatherOverviewViewModel.swift */; };
		8B3C6754255D39E3005B498B /* WeatherOverviewViewModel.swift in Sources */ = {isa = PBXBuildFile; fileRef = 8B3C6752255D39E3005B498B /* WeatherOverviewViewModel.swift */; };
		8B3C6755255D39E3005B498B /* WeatherOverviewViewModel.swift in Sources */ = {isa = PBXBuildFile; fileRef = 8B3C6752255D39E3005B498B /* WeatherOverviewViewModel.swift */; };
		8B3C6767255D3A18005B498B /* WeatherDetailsVM.swift in Sources */ = {isa = PBXBuildFile; fileRef = 8B3C6766255D3A18005B498B /* WeatherDetailsVM.swift */; };
		8B3C6768255D3A18005B498B /* WeatherDetailsVM.swift in Sources */ = {isa = PBXBuildFile; fileRef = 8B3C6766255D3A18005B498B /* WeatherDetailsVM.swift */; };
		8B3C6769255D3A18005B498B /* WeatherDetailsVM.swift in Sources */ = {isa = PBXBuildFile; fileRef = 8B3C6766255D3A18005B498B /* WeatherDetailsVM.swift */; };
		8B3C676E255D3B71005B498B /* DailyWeatherVM.swift in Sources */ = {isa = PBXBuildFile; fileRef = 8B3C676D255D3B71005B498B /* DailyWeatherVM.swift */; };
		8B3C676F255D3B71005B498B /* DailyWeatherVM.swift in Sources */ = {isa = PBXBuildFile; fileRef = 8B3C676D255D3B71005B498B /* DailyWeatherVM.swift */; };
		8B3C6770255D3B71005B498B /* DailyWeatherVM.swift in Sources */ = {isa = PBXBuildFile; fileRef = 8B3C676D255D3B71005B498B /* DailyWeatherVM.swift */; };
		8B3C6775255D3F8C005B498B /* WeatherVM.swift in Sources */ = {isa = PBXBuildFile; fileRef = 8B3C6774255D3F8C005B498B /* WeatherVM.swift */; };
		8B3C6776255D3F8C005B498B /* WeatherVM.swift in Sources */ = {isa = PBXBuildFile; fileRef = 8B3C6774255D3F8C005B498B /* WeatherVM.swift */; };
		8B3C6777255D3F8C005B498B /* WeatherVM.swift in Sources */ = {isa = PBXBuildFile; fileRef = 8B3C6774255D3F8C005B498B /* WeatherVM.swift */; };
		8B3C677D255D56D0005B498B /* WeatherTableViewCell.xib in Resources */ = {isa = PBXBuildFile; fileRef = 8B3C677B255D56D0005B498B /* WeatherTableViewCell.xib */; };
		8B3C677E255D56D0005B498B /* WeatherTableViewCell.xib in Resources */ = {isa = PBXBuildFile; fileRef = 8B3C677B255D56D0005B498B /* WeatherTableViewCell.xib */; };
		8B3C677F255D56D0005B498B /* WeatherTableViewCell.xib in Resources */ = {isa = PBXBuildFile; fileRef = 8B3C677B255D56D0005B498B /* WeatherTableViewCell.xib */; };
		8B3C6780255D56D0005B498B /* WeatherTableViewCell.swift in Sources */ = {isa = PBXBuildFile; fileRef = 8B3C677C255D56D0005B498B /* WeatherTableViewCell.swift */; };
		8B3C6781255D56D0005B498B /* WeatherTableViewCell.swift in Sources */ = {isa = PBXBuildFile; fileRef = 8B3C677C255D56D0005B498B /* WeatherTableViewCell.swift */; };
		8B3C6782255D56D0005B498B /* WeatherTableViewCell.swift in Sources */ = {isa = PBXBuildFile; fileRef = 8B3C677C255D56D0005B498B /* WeatherTableViewCell.swift */; };
		8B3C6799255D5E17005B498B /* WeatherOverviewView.swift in Sources */ = {isa = PBXBuildFile; fileRef = 8B3C6798255D5E17005B498B /* WeatherOverviewView.swift */; };
		8B3C67B0255D6FDE005B498B /* WeatherDetailsInfoView.swift in Sources */ = {isa = PBXBuildFile; fileRef = 8B3C67AF255D6FDE005B498B /* WeatherDetailsInfoView.swift */; };
		8B3C67B1255D6FDE005B498B /* WeatherDetailsInfoView.swift in Sources */ = {isa = PBXBuildFile; fileRef = 8B3C67AF255D6FDE005B498B /* WeatherDetailsInfoView.swift */; };
		8B3C67B2255D6FDE005B498B /* WeatherDetailsInfoView.swift in Sources */ = {isa = PBXBuildFile; fileRef = 8B3C67AF255D6FDE005B498B /* WeatherDetailsInfoView.swift */; };
		8B3C67BE255D6FF1005B498B /* WeatherDetailsInfoView.xib in Resources */ = {isa = PBXBuildFile; fileRef = 8B3C67BD255D6FF1005B498B /* WeatherDetailsInfoView.xib */; };
		8B3C67BF255D6FF1005B498B /* WeatherDetailsInfoView.xib in Resources */ = {isa = PBXBuildFile; fileRef = 8B3C67BD255D6FF1005B498B /* WeatherDetailsInfoView.xib */; };
		8B3C67C0255D6FF1005B498B /* WeatherDetailsInfoView.xib in Resources */ = {isa = PBXBuildFile; fileRef = 8B3C67BD255D6FF1005B498B /* WeatherDetailsInfoView.xib */; };
		8B3C67C4255D748E005B498B /* WeatherOverviewView.swift in Sources */ = {isa = PBXBuildFile; fileRef = 8B3C6798255D5E17005B498B /* WeatherOverviewView.swift */; };
		8B3C67C8255D748F005B498B /* WeatherOverviewView.swift in Sources */ = {isa = PBXBuildFile; fileRef = 8B3C6798255D5E17005B498B /* WeatherOverviewView.swift */; };
		8B3C67CE255D7C9C005B498B /* HourlyCollectionViewCell.swift in Sources */ = {isa = PBXBuildFile; fileRef = 8B3C67CC255D7C9C005B498B /* HourlyCollectionViewCell.swift */; };
		8B3C67CF255D7C9C005B498B /* HourlyCollectionViewCell.swift in Sources */ = {isa = PBXBuildFile; fileRef = 8B3C67CC255D7C9C005B498B /* HourlyCollectionViewCell.swift */; };
		8B3C67D0255D7C9C005B498B /* HourlyCollectionViewCell.swift in Sources */ = {isa = PBXBuildFile; fileRef = 8B3C67CC255D7C9C005B498B /* HourlyCollectionViewCell.swift */; };
		8B3C67D1255D7C9C005B498B /* HourlyCollectionViewCell.xib in Resources */ = {isa = PBXBuildFile; fileRef = 8B3C67CD255D7C9C005B498B /* HourlyCollectionViewCell.xib */; };
		8B3C67D2255D7C9C005B498B /* HourlyCollectionViewCell.xib in Resources */ = {isa = PBXBuildFile; fileRef = 8B3C67CD255D7C9C005B498B /* HourlyCollectionViewCell.xib */; };
		8B3C67D3255D7C9C005B498B /* HourlyCollectionViewCell.xib in Resources */ = {isa = PBXBuildFile; fileRef = 8B3C67CD255D7C9C005B498B /* HourlyCollectionViewCell.xib */; };
		8BD6512F255D931400AA5EB3 /* UINavigation+Transparent.swift in Sources */ = {isa = PBXBuildFile; fileRef = 8BD6512E255D931400AA5EB3 /* UINavigation+Transparent.swift */; };
		8BD65130255D931400AA5EB3 /* UINavigation+Transparent.swift in Sources */ = {isa = PBXBuildFile; fileRef = 8BD6512E255D931400AA5EB3 /* UINavigation+Transparent.swift */; };
		8BD65131255D931400AA5EB3 /* UINavigation+Transparent.swift in Sources */ = {isa = PBXBuildFile; fileRef = 8BD6512E255D931400AA5EB3 /* UINavigation+Transparent.swift */; };
		8BD65136255D971400AA5EB3 /* FutureDayDetailsVC.swift in Sources */ = {isa = PBXBuildFile; fileRef = 8BD65135255D971400AA5EB3 /* FutureDayDetailsVC.swift */; };
		8BD65137255D971400AA5EB3 /* FutureDayDetailsVC.swift in Sources */ = {isa = PBXBuildFile; fileRef = 8BD65135255D971400AA5EB3 /* FutureDayDetailsVC.swift */; };
		8BD65138255D971400AA5EB3 /* FutureDayDetailsVC.swift in Sources */ = {isa = PBXBuildFile; fileRef = 8BD65135255D971400AA5EB3 /* FutureDayDetailsVC.swift */; };
/* End PBXBuildFile section */

/* Begin PBXContainerItemProxy section */
		8B3C65C4255D16E3005B498B /* PBXContainerItemProxy */ = {
			isa = PBXContainerItemProxy;
			containerPortal = 8B3C65A5255D16E0005B498B /* Project object */;
			proxyType = 1;
			remoteGlobalIDString = 8B3C65AC255D16E0005B498B;
			remoteInfo = WeatherForecast;
		};
		8B3C65CF255D16E3005B498B /* PBXContainerItemProxy */ = {
			isa = PBXContainerItemProxy;
			containerPortal = 8B3C65A5255D16E0005B498B /* Project object */;
			proxyType = 1;
			remoteGlobalIDString = 8B3C65AC255D16E0005B498B;
			remoteInfo = WeatherForecast;
		};
/* End PBXContainerItemProxy section */

/* Begin PBXFileReference section */
		124DD171113FA9859AA65654 /* Pods-WeatherForecastTests.debug.xcconfig */ = {isa = PBXFileReference; includeInIndex = 1; lastKnownFileType = text.xcconfig; name = "Pods-WeatherForecastTests.debug.xcconfig"; path = "Target Support Files/Pods-WeatherForecastTests/Pods-WeatherForecastTests.debug.xcconfig"; sourceTree = "<group>"; };
		35A87455C01AB9F779D562BE /* Pods_WeatherForecast_WeatherForecastUITests.framework */ = {isa = PBXFileReference; explicitFileType = wrapper.framework; includeInIndex = 0; path = Pods_WeatherForecast_WeatherForecastUITests.framework; sourceTree = BUILT_PRODUCTS_DIR; };
		58EC670C6A8FBAFEC66B87AB /* Pods_WeatherForecastTests.framework */ = {isa = PBXFileReference; explicitFileType = wrapper.framework; includeInIndex = 0; path = Pods_WeatherForecastTests.framework; sourceTree = BUILT_PRODUCTS_DIR; };
		5DF3E5809219C7C09E5B6806 /* Pods-WeatherForecast-WeatherForecastUITests.release.xcconfig */ = {isa = PBXFileReference; includeInIndex = 1; lastKnownFileType = text.xcconfig; name = "Pods-WeatherForecast-WeatherForecastUITests.release.xcconfig"; path = "Target Support Files/Pods-WeatherForecast-WeatherForecastUITests/Pods-WeatherForecast-WeatherForecastUITests.release.xcconfig"; sourceTree = "<group>"; };
		893A69947FD53AC847CAE659 /* Pods-WeatherForecastTests.release.xcconfig */ = {isa = PBXFileReference; includeInIndex = 1; lastKnownFileType = text.xcconfig; name = "Pods-WeatherForecastTests.release.xcconfig"; path = "Target Support Files/Pods-WeatherForecastTests/Pods-WeatherForecastTests.release.xcconfig"; sourceTree = "<group>"; };
		8B3C65AD255D16E0005B498B /* WeatherForecast.app */ = {isa = PBXFileReference; explicitFileType = wrapper.application; includeInIndex = 0; path = WeatherForecast.app; sourceTree = BUILT_PRODUCTS_DIR; };
		8B3C65B0255D16E0005B498B /* AppDelegate.swift */ = {isa = PBXFileReference; lastKnownFileType = sourcecode.swift; path = AppDelegate.swift; sourceTree = "<group>"; };
		8B3C65B4255D16E0005B498B /* WeatherOverviewVC.swift */ = {isa = PBXFileReference; lastKnownFileType = sourcecode.swift; path = WeatherOverviewVC.swift; sourceTree = "<group>"; };
		8B3C65B7255D16E0005B498B /* Base */ = {isa = PBXFileReference; lastKnownFileType = file.storyboard; name = Base; path = Base.lproj/Main.storyboard; sourceTree = "<group>"; };
		8B3C65B9255D16E2005B498B /* Assets.xcassets */ = {isa = PBXFileReference; lastKnownFileType = folder.assetcatalog; path = Assets.xcassets; sourceTree = "<group>"; };
		8B3C65BC255D16E2005B498B /* Base */ = {isa = PBXFileReference; lastKnownFileType = file.storyboard; name = Base; path = Base.lproj/LaunchScreen.storyboard; sourceTree = "<group>"; };
		8B3C65BE255D16E2005B498B /* Info.plist */ = {isa = PBXFileReference; lastKnownFileType = text.plist.xml; path = Info.plist; sourceTree = "<group>"; };
		8B3C65C3255D16E3005B498B /* WeatherForecastTests.xctest */ = {isa = PBXFileReference; explicitFileType = wrapper.cfbundle; includeInIndex = 0; path = WeatherForecastTests.xctest; sourceTree = BUILT_PRODUCTS_DIR; };
		8B3C65C7255D16E3005B498B /* WeatherForecastTests.swift */ = {isa = PBXFileReference; lastKnownFileType = sourcecode.swift; path = WeatherForecastTests.swift; sourceTree = "<group>"; };
		8B3C65C9255D16E3005B498B /* Info.plist */ = {isa = PBXFileReference; lastKnownFileType = text.plist.xml; path = Info.plist; sourceTree = "<group>"; };
		8B3C65CE255D16E3005B498B /* WeatherForecastUITests.xctest */ = {isa = PBXFileReference; explicitFileType = wrapper.cfbundle; includeInIndex = 0; path = WeatherForecastUITests.xctest; sourceTree = BUILT_PRODUCTS_DIR; };
		8B3C65D2255D16E3005B498B /* WeatherForecastUITests.swift */ = {isa = PBXFileReference; lastKnownFileType = sourcecode.swift; path = WeatherForecastUITests.swift; sourceTree = "<group>"; };
		8B3C65D4255D16E3005B498B /* Info.plist */ = {isa = PBXFileReference; lastKnownFileType = text.plist.xml; path = Info.plist; sourceTree = "<group>"; };
		8B3C65F7255D1841005B498B /* WeatherNetworking.swift */ = {isa = PBXFileReference; lastKnownFileType = sourcecode.swift; path = WeatherNetworking.swift; sourceTree = "<group>"; };
		8B3C660F255D1887005B498B /* UserDefaultsManager.swift */ = {isa = PBXFileReference; fileEncoding = 4; lastKnownFileType = sourcecode.swift; path = UserDefaultsManager.swift; sourceTree = "<group>"; };
		8B3C6610255D1887005B498B /* LoadingSpinnerManager.swift */ = {isa = PBXFileReference; fileEncoding = 4; lastKnownFileType = sourcecode.swift; path = LoadingSpinnerManager.swift; sourceTree = "<group>"; };
		8B3C6644255D1B1F005B498B /* UIViewController+StoryBoard.swift */ = {isa = PBXFileReference; fileEncoding = 4; lastKnownFileType = sourcecode.swift; name = "UIViewController+StoryBoard.swift"; path = "../../../Vital/Vital-IOS/VitalCheckUp-IOS/Extensions/UIViewController+StoryBoard.swift"; sourceTree = "<group>"; };
		8B3C6647255D1B1F005B498B /* Notification+Name.swift */ = {isa = PBXFileReference; fileEncoding = 4; lastKnownFileType = sourcecode.swift; path = "Notification+Name.swift"; sourceTree = "<group>"; };
		8B3C664C255D1B20005B498B /* Date+Day.swift */ = {isa = PBXFileReference; fileEncoding = 4; lastKnownFileType = sourcecode.swift; path = "Date+Day.swift"; sourceTree = "<group>"; };
		8B3C6654255D1B20005B498B /* UIView+Loading.swift */ = {isa = PBXFileReference; fileEncoding = 4; lastKnownFileType = sourcecode.swift; path = "UIView+Loading.swift"; sourceTree = "<group>"; };
		8B3C6698255D1B41005B498B /* BaseAPI.swift */ = {isa = PBXFileReference; fileEncoding = 4; lastKnownFileType = sourcecode.swift; path = BaseAPI.swift; sourceTree = "<group>"; };
		8B3C66A9255D1B5C005B498B /* BaseError.swift */ = {isa = PBXFileReference; fileEncoding = 4; lastKnownFileType = sourcecode.swift; path = BaseError.swift; sourceTree = "<group>"; };
		8B3C66AB255D1B5C005B498B /* TargetType.swift */ = {isa = PBXFileReference; fileEncoding = 4; lastKnownFileType = sourcecode.swift; path = TargetType.swift; sourceTree = "<group>"; };
		8B3C66CE255D1E10005B498B /* Constants.swift */ = {isa = PBXFileReference; lastKnownFileType = sourcecode.swift; path = Constants.swift; sourceTree = "<group>"; };
		8B3C66DB255D202B005B498B /* WeatherProvider.swift */ = {isa = PBXFileReference; lastKnownFileType = sourcecode.swift; path = WeatherProvider.swift; sourceTree = "<group>"; };
		8B3C66E2255D225A005B498B /* WeatherForecastResponse.swift */ = {isa = PBXFileReference; lastKnownFileType = sourcecode.swift; path = WeatherForecastResponse.swift; sourceTree = "<group>"; };
		8B3C66E9255D2293005B498B /* WeatherModel.swift */ = {isa = PBXFileReference; lastKnownFileType = sourcecode.swift; path = WeatherModel.swift; sourceTree = "<group>"; };
		8B3C6721255D2CE4005B498B /* DailyWeatherModel.swift */ = {isa = PBXFileReference; lastKnownFileType = sourcecode.swift; path = DailyWeatherModel.swift; sourceTree = "<group>"; };
		8B3C6728255D2D1A005B498B /* WeatherDetailsModel.swift */ = {isa = PBXFileReference; lastKnownFileType = sourcecode.swift; path = WeatherDetailsModel.swift; sourceTree = "<group>"; };
		8B3C672F255D3241005B498B /* TemperatureModel.swift */ = {isa = PBXFileReference; lastKnownFileType = sourcecode.swift; path = TemperatureModel.swift; sourceTree = "<group>"; };
		8B3C6739255D34E1005B498B /* TemperatureVM.swift */ = {isa = PBXFileReference; lastKnownFileType = sourcecode.swift; path = TemperatureVM.swift; sourceTree = "<group>"; };
		8B3C674B255D37DA005B498B /* Double+Temp.swift */ = {isa = PBXFileReference; lastKnownFileType = sourcecode.swift; path = "Double+Temp.swift"; sourceTree = "<group>"; };
		8B3C6752255D39E3005B498B /* WeatherOverviewViewModel.swift */ = {isa = PBXFileReference; lastKnownFileType = sourcecode.swift; path = WeatherOverviewViewModel.swift; sourceTree = "<group>"; };
		8B3C6766255D3A18005B498B /* WeatherDetailsVM.swift */ = {isa = PBXFileReference; lastKnownFileType = sourcecode.swift; path = WeatherDetailsVM.swift; sourceTree = "<group>"; };
		8B3C676D255D3B71005B498B /* DailyWeatherVM.swift */ = {isa = PBXFileReference; lastKnownFileType = sourcecode.swift; path = DailyWeatherVM.swift; sourceTree = "<group>"; };
		8B3C6774255D3F8C005B498B /* WeatherVM.swift */ = {isa = PBXFileReference; lastKnownFileType = sourcecode.swift; path = WeatherVM.swift; sourceTree = "<group>"; };
		8B3C677B255D56D0005B498B /* WeatherTableViewCell.xib */ = {isa = PBXFileReference; fileEncoding = 4; lastKnownFileType = file.xib; path = WeatherTableViewCell.xib; sourceTree = "<group>"; };
		8B3C677C255D56D0005B498B /* WeatherTableViewCell.swift */ = {isa = PBXFileReference; fileEncoding = 4; lastKnownFileType = sourcecode.swift; path = WeatherTableViewCell.swift; sourceTree = "<group>"; };
		8B3C6798255D5E17005B498B /* WeatherOverviewView.swift */ = {isa = PBXFileReference; lastKnownFileType = sourcecode.swift; path = WeatherOverviewView.swift; sourceTree = "<group>"; };
		8B3C67AF255D6FDE005B498B /* WeatherDetailsInfoView.swift */ = {isa = PBXFileReference; lastKnownFileType = sourcecode.swift; path = WeatherDetailsInfoView.swift; sourceTree = "<group>"; };
		8B3C67BD255D6FF1005B498B /* WeatherDetailsInfoView.xib */ = {isa = PBXFileReference; lastKnownFileType = file.xib; path = WeatherDetailsInfoView.xib; sourceTree = "<group>"; };
		8B3C67CC255D7C9C005B498B /* HourlyCollectionViewCell.swift */ = {isa = PBXFileReference; lastKnownFileType = sourcecode.swift; path = HourlyCollectionViewCell.swift; sourceTree = "<group>"; };
		8B3C67CD255D7C9C005B498B /* HourlyCollectionViewCell.xib */ = {isa = PBXFileReference; lastKnownFileType = file.xib; path = HourlyCollectionViewCell.xib; sourceTree = "<group>"; };
		8BD6512E255D931400AA5EB3 /* UINavigation+Transparent.swift */ = {isa = PBXFileReference; lastKnownFileType = sourcecode.swift; path = "UINavigation+Transparent.swift"; sourceTree = "<group>"; };
		8BD65135255D971400AA5EB3 /* FutureDayDetailsVC.swift */ = {isa = PBXFileReference; lastKnownFileType = sourcecode.swift; path = FutureDayDetailsVC.swift; sourceTree = "<group>"; };
		B031DC232C7F16CE7C214205 /* Pods-WeatherForecast.debug.xcconfig */ = {isa = PBXFileReference; includeInIndex = 1; lastKnownFileType = text.xcconfig; name = "Pods-WeatherForecast.debug.xcconfig"; path = "Target Support Files/Pods-WeatherForecast/Pods-WeatherForecast.debug.xcconfig"; sourceTree = "<group>"; };
		B60C31719E54DF52A00E4FCC /* Pods-WeatherForecast-WeatherForecastUITests.debug.xcconfig */ = {isa = PBXFileReference; includeInIndex = 1; lastKnownFileType = text.xcconfig; name = "Pods-WeatherForecast-WeatherForecastUITests.debug.xcconfig"; path = "Target Support Files/Pods-WeatherForecast-WeatherForecastUITests/Pods-WeatherForecast-WeatherForecastUITests.debug.xcconfig"; sourceTree = "<group>"; };
		C0ABEFC05C8F4CE7BD9A56BF /* Pods-WeatherForecast.release.xcconfig */ = {isa = PBXFileReference; includeInIndex = 1; lastKnownFileType = text.xcconfig; name = "Pods-WeatherForecast.release.xcconfig"; path = "Target Support Files/Pods-WeatherForecast/Pods-WeatherForecast.release.xcconfig"; sourceTree = "<group>"; };
		D0FCFBB629AF51C54845A964 /* Pods_WeatherForecast.framework */ = {isa = PBXFileReference; explicitFileType = wrapper.framework; includeInIndex = 0; path = Pods_WeatherForecast.framework; sourceTree = BUILT_PRODUCTS_DIR; };
/* End PBXFileReference section */

/* Begin PBXFrameworksBuildPhase section */
		8B3C65AA255D16E0005B498B /* Frameworks */ = {
			isa = PBXFrameworksBuildPhase;
			buildActionMask = 2147483647;
			files = (
				0DB42E1F66E7CCC71D5D2B8E /* Pods_WeatherForecast.framework in Frameworks */,
			);
			runOnlyForDeploymentPostprocessing = 0;
		};
		8B3C65C0255D16E3005B498B /* Frameworks */ = {
			isa = PBXFrameworksBuildPhase;
			buildActionMask = 2147483647;
			files = (
				51C28908DEFCD0F0DED9487C /* Pods_WeatherForecastTests.framework in Frameworks */,
			);
			runOnlyForDeploymentPostprocessing = 0;
		};
		8B3C65CB255D16E3005B498B /* Frameworks */ = {
			isa = PBXFrameworksBuildPhase;
			buildActionMask = 2147483647;
			files = (
				4E34544EEDFB9D9344FDFCD5 /* Pods_WeatherForecast_WeatherForecastUITests.framework in Frameworks */,
			);
			runOnlyForDeploymentPostprocessing = 0;
		};
/* End PBXFrameworksBuildPhase section */

/* Begin PBXGroup section */
		377548863E7FDCD70913D55F /* Pods */ = {
			isa = PBXGroup;
			children = (
				B031DC232C7F16CE7C214205 /* Pods-WeatherForecast.debug.xcconfig */,
				C0ABEFC05C8F4CE7BD9A56BF /* Pods-WeatherForecast.release.xcconfig */,
				B60C31719E54DF52A00E4FCC /* Pods-WeatherForecast-WeatherForecastUITests.debug.xcconfig */,
				5DF3E5809219C7C09E5B6806 /* Pods-WeatherForecast-WeatherForecastUITests.release.xcconfig */,
				124DD171113FA9859AA65654 /* Pods-WeatherForecastTests.debug.xcconfig */,
				893A69947FD53AC847CAE659 /* Pods-WeatherForecastTests.release.xcconfig */,
			);
			path = Pods;
			sourceTree = "<group>";
		};
		62630616A5A33BDF192A8A00 /* Frameworks */ = {
			isa = PBXGroup;
			children = (
				D0FCFBB629AF51C54845A964 /* Pods_WeatherForecast.framework */,
				35A87455C01AB9F779D562BE /* Pods_WeatherForecast_WeatherForecastUITests.framework */,
				58EC670C6A8FBAFEC66B87AB /* Pods_WeatherForecastTests.framework */,
			);
			name = Frameworks;
			sourceTree = "<group>";
		};
		8B3C65A4255D16E0005B498B = {
			isa = PBXGroup;
			children = (
				8B3C65AF255D16E0005B498B /* WeatherForecast */,
				8B3C65C6255D16E3005B498B /* WeatherForecastTests */,
				8B3C65D1255D16E3005B498B /* WeatherForecastUITests */,
				8B3C65AE255D16E0005B498B /* Products */,
				377548863E7FDCD70913D55F /* Pods */,
				62630616A5A33BDF192A8A00 /* Frameworks */,
			);
			sourceTree = "<group>";
		};
		8B3C65AE255D16E0005B498B /* Products */ = {
			isa = PBXGroup;
			children = (
				8B3C65AD255D16E0005B498B /* WeatherForecast.app */,
				8B3C65C3255D16E3005B498B /* WeatherForecastTests.xctest */,
				8B3C65CE255D16E3005B498B /* WeatherForecastUITests.xctest */,
			);
			name = Products;
			sourceTree = "<group>";
		};
		8B3C65AF255D16E0005B498B /* WeatherForecast */ = {
			isa = PBXGroup;
			children = (
				8B3C6605255D184B005B498B /* Networking */,
				8B3C65E6255D176B005B498B /* Shared */,
				8B3C66F0255D22A6005B498B /* Models */,
				8B3C65EC255D179D005B498B /* Views */,
				8B3C663B255D1B13005B498B /* Extensions */,
				8B3C661D255D1890005B498B /* Managers */,
				8B3C65EA255D1777005B498B /* Resources */,
				8B3C65BE255D16E2005B498B /* Info.plist */,
				8B3C6740255D34E6005B498B /* ViewModels */,
			);
			path = WeatherForecast;
			sourceTree = "<group>";
		};
		8B3C65C6255D16E3005B498B /* WeatherForecastTests */ = {
			isa = PBXGroup;
			children = (
				8B3C65C7255D16E3005B498B /* WeatherForecastTests.swift */,
				8B3C65C9255D16E3005B498B /* Info.plist */,
			);
			path = WeatherForecastTests;
			sourceTree = "<group>";
		};
		8B3C65D1255D16E3005B498B /* WeatherForecastUITests */ = {
			isa = PBXGroup;
			children = (
				8B3C65D2255D16E3005B498B /* WeatherForecastUITests.swift */,
				8B3C65D4255D16E3005B498B /* Info.plist */,
			);
			path = WeatherForecastUITests;
			sourceTree = "<group>";
		};
		8B3C65E6255D176B005B498B /* Shared */ = {
			isa = PBXGroup;
			children = (
				8B3C65B0255D16E0005B498B /* AppDelegate.swift */,
				8B3C66CE255D1E10005B498B /* Constants.swift */,
			);
			path = Shared;
			sourceTree = "<group>";
		};
		8B3C65EA255D1777005B498B /* Resources */ = {
			isa = PBXGroup;
			children = (
				8B3C65B9255D16E2005B498B /* Assets.xcassets */,
				8B3C65EB255D1784005B498B /* StoryBoards */,
			);
			path = Resources;
			sourceTree = "<group>";
		};
		8B3C65EB255D1784005B498B /* StoryBoards */ = {
			isa = PBXGroup;
			children = (
				8B3C65B6255D16E0005B498B /* Main.storyboard */,
				8B3C65BB255D16E2005B498B /* LaunchScreen.storyboard */,
			);
			path = StoryBoards;
			sourceTree = "<group>";
		};
		8B3C65EC255D179D005B498B /* Views */ = {
			isa = PBXGroup;
			children = (
				8B3C679D255D5E1A005B498B /* Overview */,
				8BD6513C255D971800AA5EB3 /* Future Day Details */,
			);
			path = Views;
			sourceTree = "<group>";
		};
		8B3C65FE255D1845005B498B /* Weather */ = {
			isa = PBXGroup;
			children = (
				8B3C65F7255D1841005B498B /* WeatherNetworking.swift */,
				8B3C66DB255D202B005B498B /* WeatherProvider.swift */,
				8B3C66E2255D225A005B498B /* WeatherForecastResponse.swift */,
			);
			path = Weather;
			sourceTree = "<group>";
		};
		8B3C6605255D184B005B498B /* Networking */ = {
			isa = PBXGroup;
			children = (
				8B3C66A2255D1B48005B498B /* Base */,
				8B3C65FE255D1845005B498B /* Weather */,
			);
			path = Networking;
			sourceTree = "<group>";
		};
		8B3C661D255D1890005B498B /* Managers */ = {
			isa = PBXGroup;
			children = (
				8B3C6610255D1887005B498B /* LoadingSpinnerManager.swift */,
				8B3C660F255D1887005B498B /* UserDefaultsManager.swift */,
			);
			path = Managers;
			sourceTree = "<group>";
		};
		8B3C663B255D1B13005B498B /* Extensions */ = {
			isa = PBXGroup;
			children = (
				8B3C664C255D1B20005B498B /* Date+Day.swift */,
				8B3C6647255D1B1F005B498B /* Notification+Name.swift */,
				8B3C6654255D1B20005B498B /* UIView+Loading.swift */,
				8B3C6644255D1B1F005B498B /* UIViewController+StoryBoard.swift */,
				8B3C674B255D37DA005B498B /* Double+Temp.swift */,
				8BD6512E255D931400AA5EB3 /* UINavigation+Transparent.swift */,
			);
			path = Extensions;
			sourceTree = "<group>";
		};
		8B3C66A2255D1B48005B498B /* Base */ = {
			isa = PBXGroup;
			children = (
				8B3C6698255D1B41005B498B /* BaseAPI.swift */,
				8B3C66A9255D1B5C005B498B /* BaseError.swift */,
				8B3C66AB255D1B5C005B498B /* TargetType.swift */,
			);
			path = Base;
			sourceTree = "<group>";
		};
		8B3C66F0255D22A6005B498B /* Models */ = {
			isa = PBXGroup;
			children = (
				8B3C66E9255D2293005B498B /* WeatherModel.swift */,
				8B3C6721255D2CE4005B498B /* DailyWeatherModel.swift */,
				8B3C6728255D2D1A005B498B /* WeatherDetailsModel.swift */,
				8B3C672F255D3241005B498B /* TemperatureModel.swift */,
			);
			path = Models;
			sourceTree = "<group>";
		};
		8B3C6740255D34E6005B498B /* ViewModels */ = {
			isa = PBXGroup;
			children = (
				8B3C675C255D39E8005B498B /* Views */,
				8B3C6744255D34F9005B498B /* Entities */,
			);
			path = ViewModels;
			sourceTree = "<group>";
		};
		8B3C6744255D34F9005B498B /* Entities */ = {
			isa = PBXGroup;
			children = (
				8B3C6739255D34E1005B498B /* TemperatureVM.swift */,
				8B3C6766255D3A18005B498B /* WeatherDetailsVM.swift */,
				8B3C676D255D3B71005B498B /* DailyWeatherVM.swift */,
				8B3C6774255D3F8C005B498B /* WeatherVM.swift */,
			);
			path = Entities;
			sourceTree = "<group>";
		};
		8B3C675C255D39E8005B498B /* Views */ = {
			isa = PBXGroup;
			children = (
				8B3C6752255D39E3005B498B /* WeatherOverviewViewModel.swift */,
			);
			path = Views;
			sourceTree = "<group>";
		};
		8B3C6789255D56D7005B498B /* Daily Cell */ = {
			isa = PBXGroup;
			children = (
				8B3C677C255D56D0005B498B /* WeatherTableViewCell.swift */,
				8B3C677B255D56D0005B498B /* WeatherTableViewCell.xib */,
			);
			path = "Daily Cell";
			sourceTree = "<group>";
		};
		8B3C679D255D5E1A005B498B /* Overview */ = {
			isa = PBXGroup;
			children = (
				8B3C67B6255D6FE9005B498B /* WeatherDetailsInfoView */,
				8B3C67D7255D7CA2005B498B /* Hourly Cell */,
				8B3C6789255D56D7005B498B /* Daily Cell */,
				8B3C65B4255D16E0005B498B /* WeatherOverviewVC.swift */,
				8B3C6798255D5E17005B498B /* WeatherOverviewView.swift */,
			);
			path = Overview;
			sourceTree = "<group>";
		};
		8B3C67B6255D6FE9005B498B /* WeatherDetailsInfoView */ = {
			isa = PBXGroup;
			children = (
				8B3C67AF255D6FDE005B498B /* WeatherDetailsInfoView.swift */,
				8B3C67BD255D6FF1005B498B /* WeatherDetailsInfoView.xib */,
			);
			path = WeatherDetailsInfoView;
			sourceTree = "<group>";
		};
		8B3C67D7255D7CA2005B498B /* Hourly Cell */ = {
			isa = PBXGroup;
			children = (
				8B3C67CC255D7C9C005B498B /* HourlyCollectionViewCell.swift */,
				8B3C67CD255D7C9C005B498B /* HourlyCollectionViewCell.xib */,
			);
			path = "Hourly Cell";
			sourceTree = "<group>";
		};
		8BD6513C255D971800AA5EB3 /* Future Day Details */ = {
			isa = PBXGroup;
			children = (
				8BD65135255D971400AA5EB3 /* FutureDayDetailsVC.swift */,
			);
			path = "Future Day Details";
			sourceTree = "<group>";
		};
/* End PBXGroup section */

/* Begin PBXNativeTarget section */
		8B3C65AC255D16E0005B498B /* WeatherForecast */ = {
			isa = PBXNativeTarget;
			buildConfigurationList = 8B3C65D7255D16E3005B498B /* Build configuration list for PBXNativeTarget "WeatherForecast" */;
			buildPhases = (
				361A0B3F5DC1294ED2CA7668 /* [CP] Check Pods Manifest.lock */,
				8B3C65A9255D16E0005B498B /* Sources */,
				8B3C65AA255D16E0005B498B /* Frameworks */,
				8B3C65AB255D16E0005B498B /* Resources */,
				F99E27555D2941AFABECA925 /* [CP] Embed Pods Frameworks */,
			);
			buildRules = (
			);
			dependencies = (
			);
			name = WeatherForecast;
			productName = WeatherForecast;
			productReference = 8B3C65AD255D16E0005B498B /* WeatherForecast.app */;
			productType = "com.apple.product-type.application";
		};
		8B3C65C2255D16E3005B498B /* WeatherForecastTests */ = {
			isa = PBXNativeTarget;
			buildConfigurationList = 8B3C65DA255D16E3005B498B /* Build configuration list for PBXNativeTarget "WeatherForecastTests" */;
			buildPhases = (
				E504F31BAF18414E0D241242 /* [CP] Check Pods Manifest.lock */,
				8B3C65BF255D16E3005B498B /* Sources */,
				8B3C65C0255D16E3005B498B /* Frameworks */,
				8B3C65C1255D16E3005B498B /* Resources */,
			);
			buildRules = (
			);
			dependencies = (
				8B3C65C5255D16E3005B498B /* PBXTargetDependency */,
			);
			name = WeatherForecastTests;
			productName = WeatherForecastTests;
			productReference = 8B3C65C3255D16E3005B498B /* WeatherForecastTests.xctest */;
			productType = "com.apple.product-type.bundle.unit-test";
		};
		8B3C65CD255D16E3005B498B /* WeatherForecastUITests */ = {
			isa = PBXNativeTarget;
			buildConfigurationList = 8B3C65DD255D16E3005B498B /* Build configuration list for PBXNativeTarget "WeatherForecastUITests" */;
			buildPhases = (
				DE298DC2397FD77AD30F37E9 /* [CP] Check Pods Manifest.lock */,
				8B3C65CA255D16E3005B498B /* Sources */,
				8B3C65CB255D16E3005B498B /* Frameworks */,
				8B3C65CC255D16E3005B498B /* Resources */,
				4A68E614697285021CF2D852 /* [CP] Embed Pods Frameworks */,
			);
			buildRules = (
			);
			dependencies = (
				8B3C65D0255D16E3005B498B /* PBXTargetDependency */,
			);
			name = WeatherForecastUITests;
			productName = WeatherForecastUITests;
			productReference = 8B3C65CE255D16E3005B498B /* WeatherForecastUITests.xctest */;
			productType = "com.apple.product-type.bundle.ui-testing";
		};
/* End PBXNativeTarget section */

/* Begin PBXProject section */
		8B3C65A5255D16E0005B498B /* Project object */ = {
			isa = PBXProject;
			attributes = {
				LastSwiftUpdateCheck = 1200;
				LastUpgradeCheck = 1200;
				TargetAttributes = {
					8B3C65AC255D16E0005B498B = {
						CreatedOnToolsVersion = 12.0.1;
					};
					8B3C65C2255D16E3005B498B = {
						CreatedOnToolsVersion = 12.0.1;
						TestTargetID = 8B3C65AC255D16E0005B498B;
					};
					8B3C65CD255D16E3005B498B = {
						CreatedOnToolsVersion = 12.0.1;
						TestTargetID = 8B3C65AC255D16E0005B498B;
					};
				};
			};
			buildConfigurationList = 8B3C65A8255D16E0005B498B /* Build configuration list for PBXProject "WeatherForecast" */;
			compatibilityVersion = "Xcode 9.3";
			developmentRegion = en;
			hasScannedForEncodings = 0;
			knownRegions = (
				en,
				Base,
			);
			mainGroup = 8B3C65A4255D16E0005B498B;
			productRefGroup = 8B3C65AE255D16E0005B498B /* Products */;
			projectDirPath = "";
			projectRoot = "";
			targets = (
				8B3C65AC255D16E0005B498B /* WeatherForecast */,
				8B3C65C2255D16E3005B498B /* WeatherForecastTests */,
				8B3C65CD255D16E3005B498B /* WeatherForecastUITests */,
			);
		};
/* End PBXProject section */

/* Begin PBXResourcesBuildPhase section */
		8B3C65AB255D16E0005B498B /* Resources */ = {
			isa = PBXResourcesBuildPhase;
			buildActionMask = 2147483647;
			files = (
				8B3C677D255D56D0005B498B /* WeatherTableViewCell.xib in Resources */,
				8B3C65BD255D16E2005B498B /* LaunchScreen.storyboard in Resources */,
				8B3C67BE255D6FF1005B498B /* WeatherDetailsInfoView.xib in Resources */,
				8B3C65BA255D16E2005B498B /* Assets.xcassets in Resources */,
				8B3C65B8255D16E0005B498B /* Main.storyboard in Resources */,
				8B3C67D1255D7C9C005B498B /* HourlyCollectionViewCell.xib in Resources */,
			);
			runOnlyForDeploymentPostprocessing = 0;
		};
		8B3C65C1255D16E3005B498B /* Resources */ = {
			isa = PBXResourcesBuildPhase;
			buildActionMask = 2147483647;
			files = (
				8B3C67BF255D6FF1005B498B /* WeatherDetailsInfoView.xib in Resources */,
				8B3C677E255D56D0005B498B /* WeatherTableViewCell.xib in Resources */,
				8B3C67D2255D7C9C005B498B /* HourlyCollectionViewCell.xib in Resources */,
			);
			runOnlyForDeploymentPostprocessing = 0;
		};
		8B3C65CC255D16E3005B498B /* Resources */ = {
			isa = PBXResourcesBuildPhase;
			buildActionMask = 2147483647;
			files = (
				8B3C67C0255D6FF1005B498B /* WeatherDetailsInfoView.xib in Resources */,
				8B3C677F255D56D0005B498B /* WeatherTableViewCell.xib in Resources */,
				8B3C67D3255D7C9C005B498B /* HourlyCollectionViewCell.xib in Resources */,
			);
			runOnlyForDeploymentPostprocessing = 0;
		};
/* End PBXResourcesBuildPhase section */

/* Begin PBXShellScriptBuildPhase section */
		361A0B3F5DC1294ED2CA7668 /* [CP] Check Pods Manifest.lock */ = {
			isa = PBXShellScriptBuildPhase;
			buildActionMask = 2147483647;
			files = (
			);
			inputFileListPaths = (
			);
			inputPaths = (
				"${PODS_PODFILE_DIR_PATH}/Podfile.lock",
				"${PODS_ROOT}/Manifest.lock",
			);
			name = "[CP] Check Pods Manifest.lock";
			outputFileListPaths = (
			);
			outputPaths = (
				"$(DERIVED_FILE_DIR)/Pods-WeatherForecast-checkManifestLockResult.txt",
			);
			runOnlyForDeploymentPostprocessing = 0;
			shellPath = /bin/sh;
			shellScript = "diff \"${PODS_PODFILE_DIR_PATH}/Podfile.lock\" \"${PODS_ROOT}/Manifest.lock\" > /dev/null\nif [ $? != 0 ] ; then\n    # print error to STDERR\n    echo \"error: The sandbox is not in sync with the Podfile.lock. Run 'pod install' or update your CocoaPods installation.\" >&2\n    exit 1\nfi\n# This output is used by Xcode 'outputs' to avoid re-running this script phase.\necho \"SUCCESS\" > \"${SCRIPT_OUTPUT_FILE_0}\"\n";
			showEnvVarsInLog = 0;
		};
		4A68E614697285021CF2D852 /* [CP] Embed Pods Frameworks */ = {
			isa = PBXShellScriptBuildPhase;
			buildActionMask = 2147483647;
			files = (
			);
			inputFileListPaths = (
				"${PODS_ROOT}/Target Support Files/Pods-WeatherForecast-WeatherForecastUITests/Pods-WeatherForecast-WeatherForecastUITests-frameworks-${CONFIGURATION}-input-files.xcfilelist",
			);
			name = "[CP] Embed Pods Frameworks";
			outputFileListPaths = (
				"${PODS_ROOT}/Target Support Files/Pods-WeatherForecast-WeatherForecastUITests/Pods-WeatherForecast-WeatherForecastUITests-frameworks-${CONFIGURATION}-output-files.xcfilelist",
			);
			runOnlyForDeploymentPostprocessing = 0;
			shellPath = /bin/sh;
			shellScript = "\"${PODS_ROOT}/Target Support Files/Pods-WeatherForecast-WeatherForecastUITests/Pods-WeatherForecast-WeatherForecastUITests-frameworks.sh\"\n";
			showEnvVarsInLog = 0;
		};
		DE298DC2397FD77AD30F37E9 /* [CP] Check Pods Manifest.lock */ = {
			isa = PBXShellScriptBuildPhase;
			buildActionMask = 2147483647;
			files = (
			);
			inputFileListPaths = (
			);
			inputPaths = (
				"${PODS_PODFILE_DIR_PATH}/Podfile.lock",
				"${PODS_ROOT}/Manifest.lock",
			);
			name = "[CP] Check Pods Manifest.lock";
			outputFileListPaths = (
			);
			outputPaths = (
				"$(DERIVED_FILE_DIR)/Pods-WeatherForecast-WeatherForecastUITests-checkManifestLockResult.txt",
			);
			runOnlyForDeploymentPostprocessing = 0;
			shellPath = /bin/sh;
			shellScript = "diff \"${PODS_PODFILE_DIR_PATH}/Podfile.lock\" \"${PODS_ROOT}/Manifest.lock\" > /dev/null\nif [ $? != 0 ] ; then\n    # print error to STDERR\n    echo \"error: The sandbox is not in sync with the Podfile.lock. Run 'pod install' or update your CocoaPods installation.\" >&2\n    exit 1\nfi\n# This output is used by Xcode 'outputs' to avoid re-running this script phase.\necho \"SUCCESS\" > \"${SCRIPT_OUTPUT_FILE_0}\"\n";
			showEnvVarsInLog = 0;
		};
		E504F31BAF18414E0D241242 /* [CP] Check Pods Manifest.lock */ = {
			isa = PBXShellScriptBuildPhase;
			buildActionMask = 2147483647;
			files = (
			);
			inputFileListPaths = (
			);
			inputPaths = (
				"${PODS_PODFILE_DIR_PATH}/Podfile.lock",
				"${PODS_ROOT}/Manifest.lock",
			);
			name = "[CP] Check Pods Manifest.lock";
			outputFileListPaths = (
			);
			outputPaths = (
				"$(DERIVED_FILE_DIR)/Pods-WeatherForecastTests-checkManifestLockResult.txt",
			);
			runOnlyForDeploymentPostprocessing = 0;
			shellPath = /bin/sh;
			shellScript = "diff \"${PODS_PODFILE_DIR_PATH}/Podfile.lock\" \"${PODS_ROOT}/Manifest.lock\" > /dev/null\nif [ $? != 0 ] ; then\n    # print error to STDERR\n    echo \"error: The sandbox is not in sync with the Podfile.lock. Run 'pod install' or update your CocoaPods installation.\" >&2\n    exit 1\nfi\n# This output is used by Xcode 'outputs' to avoid re-running this script phase.\necho \"SUCCESS\" > \"${SCRIPT_OUTPUT_FILE_0}\"\n";
			showEnvVarsInLog = 0;
		};
		F99E27555D2941AFABECA925 /* [CP] Embed Pods Frameworks */ = {
			isa = PBXShellScriptBuildPhase;
			buildActionMask = 2147483647;
			files = (
			);
			inputFileListPaths = (
				"${PODS_ROOT}/Target Support Files/Pods-WeatherForecast/Pods-WeatherForecast-frameworks-${CONFIGURATION}-input-files.xcfilelist",
			);
			name = "[CP] Embed Pods Frameworks";
			outputFileListPaths = (
				"${PODS_ROOT}/Target Support Files/Pods-WeatherForecast/Pods-WeatherForecast-frameworks-${CONFIGURATION}-output-files.xcfilelist",
			);
			runOnlyForDeploymentPostprocessing = 0;
			shellPath = /bin/sh;
			shellScript = "\"${PODS_ROOT}/Target Support Files/Pods-WeatherForecast/Pods-WeatherForecast-frameworks.sh\"\n";
			showEnvVarsInLog = 0;
		};
/* End PBXShellScriptBuildPhase section */

/* Begin PBXSourcesBuildPhase section */
		8B3C65A9255D16E0005B498B /* Sources */ = {
			isa = PBXSourcesBuildPhase;
			buildActionMask = 2147483647;
			files = (
				8B3C6780255D56D0005B498B /* WeatherTableViewCell.swift in Sources */,
				8B3C66B2255D1B5C005B498B /* TargetType.swift in Sources */,
				8B3C67CE255D7C9C005B498B /* HourlyCollectionViewCell.swift in Sources */,
				8B3C65B5255D16E0005B498B /* WeatherOverviewVC.swift in Sources */,
				8B3C6614255D1887005B498B /* LoadingSpinnerManager.swift in Sources */,
				8B3C6730255D3241005B498B /* TemperatureModel.swift in Sources */,
				8BD65136255D971400AA5EB3 /* FutureDayDetailsVC.swift in Sources */,
				8B3C668C255D1B20005B498B /* UIView+Loading.swift in Sources */,
				8B3C6674255D1B20005B498B /* Date+Day.swift in Sources */,
				8B3C6665255D1B20005B498B /* Notification+Name.swift in Sources */,
				8B3C676E255D3B71005B498B /* DailyWeatherVM.swift in Sources */,
				8B3C65B1255D16E0005B498B /* AppDelegate.swift in Sources */,
				8B3C665C255D1B20005B498B /* UIViewController+StoryBoard.swift in Sources */,
				8B3C6611255D1887005B498B /* UserDefaultsManager.swift in Sources */,
				8B3C66EA255D2293005B498B /* WeatherModel.swift in Sources */,
				8B3C6699255D1B41005B498B /* BaseAPI.swift in Sources */,
				8B3C673A255D34E1005B498B /* TemperatureVM.swift in Sources */,
				8B3C6753255D39E3005B498B /* WeatherOverviewViewModel.swift in Sources */,
				8B3C6722255D2CE4005B498B /* DailyWeatherModel.swift in Sources */,
				8B3C67B0255D6FDE005B498B /* WeatherDetailsInfoView.swift in Sources */,
				8B3C6775255D3F8C005B498B /* WeatherVM.swift in Sources */,
				8B3C6767255D3A18005B498B /* WeatherDetailsVM.swift in Sources */,
				8B3C66DC255D202B005B498B /* WeatherProvider.swift in Sources */,
				8B3C66E3255D225A005B498B /* WeatherForecastResponse.swift in Sources */,
				8B3C65F8255D1841005B498B /* WeatherNetworking.swift in Sources */,
				8B3C6729255D2D1A005B498B /* WeatherDetailsModel.swift in Sources */,
				8B3C66AC255D1B5C005B498B /* BaseError.swift in Sources */,
				8BD6512F255D931400AA5EB3 /* UINavigation+Transparent.swift in Sources */,
				8B3C6799255D5E17005B498B /* WeatherOverviewView.swift in Sources */,
				8B3C66CF255D1E10005B498B /* Constants.swift in Sources */,
				8B3C674C255D37DA005B498B /* Double+Temp.swift in Sources */,
			);
			runOnlyForDeploymentPostprocessing = 0;
		};
		8B3C65BF255D16E3005B498B /* Sources */ = {
			isa = PBXSourcesBuildPhase;
			buildActionMask = 2147483647;
			files = (
				8B3C67B1255D6FDE005B498B /* WeatherDetailsInfoView.swift in Sources */,
				8B3C6768255D3A18005B498B /* WeatherDetailsVM.swift in Sources */,
				8B3C674D255D37DA005B498B /* Double+Temp.swift in Sources */,
				8B3C67CF255D7C9C005B498B /* HourlyCollectionViewCell.swift in Sources */,
				8B3C6675255D1B20005B498B /* Date+Day.swift in Sources */,
				8B3C65F9255D1841005B498B /* WeatherNetworking.swift in Sources */,
				8B3C6666255D1B20005B498B /* Notification+Name.swift in Sources */,
				8B3C66B3255D1B5C005B498B /* TargetType.swift in Sources */,
				8B3C6754255D39E3005B498B /* WeatherOverviewViewModel.swift in Sources */,
				8B3C66DD255D202B005B498B /* WeatherProvider.swift in Sources */,
				8B3C6781255D56D0005B498B /* WeatherTableViewCell.swift in Sources */,
				8B3C65C8255D16E3005B498B /* WeatherForecastTests.swift in Sources */,
				8B3C66E4255D225A005B498B /* WeatherForecastResponse.swift in Sources */,
				8B3C66D0255D1E10005B498B /* Constants.swift in Sources */,
				8B3C6615255D1887005B498B /* LoadingSpinnerManager.swift in Sources */,
				8B3C6612255D1887005B498B /* UserDefaultsManager.swift in Sources */,
				8B3C665D255D1B20005B498B /* UIViewController+StoryBoard.swift in Sources */,
				8B3C66EB255D2293005B498B /* WeatherModel.swift in Sources */,
				8BD65130255D931400AA5EB3 /* UINavigation+Transparent.swift in Sources */,
				8BD65137255D971400AA5EB3 /* FutureDayDetailsVC.swift in Sources */,
				8B3C672A255D2D1A005B498B /* WeatherDetailsModel.swift in Sources */,
				8B3C6723255D2CE4005B498B /* DailyWeatherModel.swift in Sources */,
				8B3C66AD255D1B5C005B498B /* BaseError.swift in Sources */,
				8B3C668D255D1B20005B498B /* UIView+Loading.swift in Sources */,
				8B3C6731255D3241005B498B /* TemperatureModel.swift in Sources */,
				8B3C669A255D1B41005B498B /* BaseAPI.swift in Sources */,
				8B3C6776255D3F8C005B498B /* WeatherVM.swift in Sources */,
				8B3C67C4255D748E005B498B /* WeatherOverviewView.swift in Sources */,
				8B3C673B255D34E1005B498B /* TemperatureVM.swift in Sources */,
				8B3C676F255D3B71005B498B /* DailyWeatherVM.swift in Sources */,
			);
			runOnlyForDeploymentPostprocessing = 0;
		};
		8B3C65CA255D16E3005B498B /* Sources */ = {
			isa = PBXSourcesBuildPhase;
			buildActionMask = 2147483647;
			files = (
				8B3C67B2255D6FDE005B498B /* WeatherDetailsInfoView.swift in Sources */,
				8B3C6769255D3A18005B498B /* WeatherDetailsVM.swift in Sources */,
				8B3C674E255D37DA005B498B /* Double+Temp.swift in Sources */,
				8B3C67D0255D7C9C005B498B /* HourlyCollectionViewCell.swift in Sources */,
				8B3C6676255D1B20005B498B /* Date+Day.swift in Sources */,
				8B3C65FA255D1841005B498B /* WeatherNetworking.swift in Sources */,
				8B3C6667255D1B20005B498B /* Notification+Name.swift in Sources */,
				8B3C66B4255D1B5C005B498B /* TargetType.swift in Sources */,
				8B3C6755255D39E3005B498B /* WeatherOverviewViewModel.swift in Sources */,
				8B3C66DE255D202B005B498B /* WeatherProvider.swift in Sources */,
				8B3C6782255D56D0005B498B /* WeatherTableViewCell.swift in Sources */,
				8B3C65D3255D16E3005B498B /* WeatherForecastUITests.swift in Sources */,
				8B3C66E5255D225A005B498B /* WeatherForecastResponse.swift in Sources */,
				8B3C66D1255D1E10005B498B /* Constants.swift in Sources */,
				8B3C6616255D1887005B498B /* LoadingSpinnerManager.swift in Sources */,
				8B3C6613255D1887005B498B /* UserDefaultsManager.swift in Sources */,
				8B3C665E255D1B20005B498B /* UIViewController+StoryBoard.swift in Sources */,
				8B3C66EC255D2293005B498B /* WeatherModel.swift in Sources */,
				8BD65131255D931400AA5EB3 /* UINavigation+Transparent.swift in Sources */,
				8BD65138255D971400AA5EB3 /* FutureDayDetailsVC.swift in Sources */,
				8B3C672B255D2D1A005B498B /* WeatherDetailsModel.swift in Sources */,
				8B3C6724255D2CE4005B498B /* DailyWeatherModel.swift in Sources */,
				8B3C66AE255D1B5C005B498B /* BaseError.swift in Sources */,
				8B3C668E255D1B20005B498B /* UIView+Loading.swift in Sources */,
				8B3C6732255D3241005B498B /* TemperatureModel.swift in Sources */,
				8B3C669B255D1B41005B498B /* BaseAPI.swift in Sources */,
				8B3C6777255D3F8C005B498B /* WeatherVM.swift in Sources */,
				8B3C67C8255D748F005B498B /* WeatherOverviewView.swift in Sources */,
				8B3C673C255D34E1005B498B /* TemperatureVM.swift in Sources */,
				8B3C6770255D3B71005B498B /* DailyWeatherVM.swift in Sources */,
			);
			runOnlyForDeploymentPostprocessing = 0;
		};
/* End PBXSourcesBuildPhase section */

/* Begin PBXTargetDependency section */
		8B3C65C5255D16E3005B498B /* PBXTargetDependency */ = {
			isa = PBXTargetDependency;
			target = 8B3C65AC255D16E0005B498B /* WeatherForecast */;
			targetProxy = 8B3C65C4255D16E3005B498B /* PBXContainerItemProxy */;
		};
		8B3C65D0255D16E3005B498B /* PBXTargetDependency */ = {
			isa = PBXTargetDependency;
			target = 8B3C65AC255D16E0005B498B /* WeatherForecast */;
			targetProxy = 8B3C65CF255D16E3005B498B /* PBXContainerItemProxy */;
		};
/* End PBXTargetDependency section */

/* Begin PBXVariantGroup section */
		8B3C65B6255D16E0005B498B /* Main.storyboard */ = {
			isa = PBXVariantGroup;
			children = (
				8B3C65B7255D16E0005B498B /* Base */,
			);
			name = Main.storyboard;
			sourceTree = "<group>";
		};
		8B3C65BB255D16E2005B498B /* LaunchScreen.storyboard */ = {
			isa = PBXVariantGroup;
			children = (
				8B3C65BC255D16E2005B498B /* Base */,
			);
			name = LaunchScreen.storyboard;
			sourceTree = "<group>";
		};
/* End PBXVariantGroup section */

/* Begin XCBuildConfiguration section */
		8B3C65D5255D16E3005B498B /* Debug */ = {
			isa = XCBuildConfiguration;
			buildSettings = {
				ALWAYS_SEARCH_USER_PATHS = NO;
				CLANG_ANALYZER_NONNULL = YES;
				CLANG_ANALYZER_NUMBER_OBJECT_CONVERSION = YES_AGGRESSIVE;
				CLANG_CXX_LANGUAGE_STANDARD = "gnu++14";
				CLANG_CXX_LIBRARY = "libc++";
				CLANG_ENABLE_MODULES = YES;
				CLANG_ENABLE_OBJC_ARC = YES;
				CLANG_ENABLE_OBJC_WEAK = YES;
				CLANG_WARN_BLOCK_CAPTURE_AUTORELEASING = YES;
				CLANG_WARN_BOOL_CONVERSION = YES;
				CLANG_WARN_COMMA = YES;
				CLANG_WARN_CONSTANT_CONVERSION = YES;
				CLANG_WARN_DEPRECATED_OBJC_IMPLEMENTATIONS = YES;
				CLANG_WARN_DIRECT_OBJC_ISA_USAGE = YES_ERROR;
				CLANG_WARN_DOCUMENTATION_COMMENTS = YES;
				CLANG_WARN_EMPTY_BODY = YES;
				CLANG_WARN_ENUM_CONVERSION = YES;
				CLANG_WARN_INFINITE_RECURSION = YES;
				CLANG_WARN_INT_CONVERSION = YES;
				CLANG_WARN_NON_LITERAL_NULL_CONVERSION = YES;
				CLANG_WARN_OBJC_IMPLICIT_RETAIN_SELF = YES;
				CLANG_WARN_OBJC_LITERAL_CONVERSION = YES;
				CLANG_WARN_OBJC_ROOT_CLASS = YES_ERROR;
				CLANG_WARN_QUOTED_INCLUDE_IN_FRAMEWORK_HEADER = YES;
				CLANG_WARN_RANGE_LOOP_ANALYSIS = YES;
				CLANG_WARN_STRICT_PROTOTYPES = YES;
				CLANG_WARN_SUSPICIOUS_MOVE = YES;
				CLANG_WARN_UNGUARDED_AVAILABILITY = YES_AGGRESSIVE;
				CLANG_WARN_UNREACHABLE_CODE = YES;
				CLANG_WARN__DUPLICATE_METHOD_MATCH = YES;
				COPY_PHASE_STRIP = NO;
				DEBUG_INFORMATION_FORMAT = dwarf;
				ENABLE_STRICT_OBJC_MSGSEND = YES;
				ENABLE_TESTABILITY = YES;
				GCC_C_LANGUAGE_STANDARD = gnu11;
				GCC_DYNAMIC_NO_PIC = NO;
				GCC_NO_COMMON_BLOCKS = YES;
				GCC_OPTIMIZATION_LEVEL = 0;
				GCC_PREPROCESSOR_DEFINITIONS = (
					"DEBUG=1",
					"$(inherited)",
				);
				GCC_WARN_64_TO_32_BIT_CONVERSION = YES;
				GCC_WARN_ABOUT_RETURN_TYPE = YES_ERROR;
				GCC_WARN_UNDECLARED_SELECTOR = YES;
				GCC_WARN_UNINITIALIZED_AUTOS = YES_AGGRESSIVE;
				GCC_WARN_UNUSED_FUNCTION = YES;
				GCC_WARN_UNUSED_VARIABLE = YES;
				IPHONEOS_DEPLOYMENT_TARGET = 14.0;
				MTL_ENABLE_DEBUG_INFO = INCLUDE_SOURCE;
				MTL_FAST_MATH = YES;
				ONLY_ACTIVE_ARCH = YES;
				SDKROOT = iphoneos;
				SWIFT_ACTIVE_COMPILATION_CONDITIONS = DEBUG;
				SWIFT_OPTIMIZATION_LEVEL = "-Onone";
			};
			name = Debug;
		};
		8B3C65D6255D16E3005B498B /* Release */ = {
			isa = XCBuildConfiguration;
			buildSettings = {
				ALWAYS_SEARCH_USER_PATHS = NO;
				CLANG_ANALYZER_NONNULL = YES;
				CLANG_ANALYZER_NUMBER_OBJECT_CONVERSION = YES_AGGRESSIVE;
				CLANG_CXX_LANGUAGE_STANDARD = "gnu++14";
				CLANG_CXX_LIBRARY = "libc++";
				CLANG_ENABLE_MODULES = YES;
				CLANG_ENABLE_OBJC_ARC = YES;
				CLANG_ENABLE_OBJC_WEAK = YES;
				CLANG_WARN_BLOCK_CAPTURE_AUTORELEASING = YES;
				CLANG_WARN_BOOL_CONVERSION = YES;
				CLANG_WARN_COMMA = YES;
				CLANG_WARN_CONSTANT_CONVERSION = YES;
				CLANG_WARN_DEPRECATED_OBJC_IMPLEMENTATIONS = YES;
				CLANG_WARN_DIRECT_OBJC_ISA_USAGE = YES_ERROR;
				CLANG_WARN_DOCUMENTATION_COMMENTS = YES;
				CLANG_WARN_EMPTY_BODY = YES;
				CLANG_WARN_ENUM_CONVERSION = YES;
				CLANG_WARN_INFINITE_RECURSION = YES;
				CLANG_WARN_INT_CONVERSION = YES;
				CLANG_WARN_NON_LITERAL_NULL_CONVERSION = YES;
				CLANG_WARN_OBJC_IMPLICIT_RETAIN_SELF = YES;
				CLANG_WARN_OBJC_LITERAL_CONVERSION = YES;
				CLANG_WARN_OBJC_ROOT_CLASS = YES_ERROR;
				CLANG_WARN_QUOTED_INCLUDE_IN_FRAMEWORK_HEADER = YES;
				CLANG_WARN_RANGE_LOOP_ANALYSIS = YES;
				CLANG_WARN_STRICT_PROTOTYPES = YES;
				CLANG_WARN_SUSPICIOUS_MOVE = YES;
				CLANG_WARN_UNGUARDED_AVAILABILITY = YES_AGGRESSIVE;
				CLANG_WARN_UNREACHABLE_CODE = YES;
				CLANG_WARN__DUPLICATE_METHOD_MATCH = YES;
				COPY_PHASE_STRIP = NO;
				DEBUG_INFORMATION_FORMAT = "dwarf-with-dsym";
				ENABLE_NS_ASSERTIONS = NO;
				ENABLE_STRICT_OBJC_MSGSEND = YES;
				GCC_C_LANGUAGE_STANDARD = gnu11;
				GCC_NO_COMMON_BLOCKS = YES;
				GCC_WARN_64_TO_32_BIT_CONVERSION = YES;
				GCC_WARN_ABOUT_RETURN_TYPE = YES_ERROR;
				GCC_WARN_UNDECLARED_SELECTOR = YES;
				GCC_WARN_UNINITIALIZED_AUTOS = YES_AGGRESSIVE;
				GCC_WARN_UNUSED_FUNCTION = YES;
				GCC_WARN_UNUSED_VARIABLE = YES;
				IPHONEOS_DEPLOYMENT_TARGET = 14.0;
				MTL_ENABLE_DEBUG_INFO = NO;
				MTL_FAST_MATH = YES;
				SDKROOT = iphoneos;
				SWIFT_COMPILATION_MODE = wholemodule;
				SWIFT_OPTIMIZATION_LEVEL = "-O";
				VALIDATE_PRODUCT = YES;
			};
			name = Release;
		};
		8B3C65D8255D16E3005B498B /* Debug */ = {
			isa = XCBuildConfiguration;
			baseConfigurationReference = B031DC232C7F16CE7C214205 /* Pods-WeatherForecast.debug.xcconfig */;
			buildSettings = {
				ASSETCATALOG_COMPILER_APPICON_NAME = AppIcon;
				ASSETCATALOG_COMPILER_GLOBAL_ACCENT_COLOR_NAME = AccentColor;
				CODE_SIGN_STYLE = Automatic;
				DEVELOPMENT_TEAM = 63GF6U6PKH;
				INFOPLIST_FILE = WeatherForecast/Info.plist;
				LD_RUNPATH_SEARCH_PATHS = (
					"$(inherited)",
					"@executable_path/Frameworks",
				);
				PRODUCT_BUNDLE_IDENTIFIER = "Ahmed-Masoud.WeatherForecast";
				PRODUCT_NAME = "$(TARGET_NAME)";
				SWIFT_VERSION = 5.0;
				TARGETED_DEVICE_FAMILY = "1,2";
			};
			name = Debug;
		};
		8B3C65D9255D16E3005B498B /* Release */ = {
			isa = XCBuildConfiguration;
			baseConfigurationReference = C0ABEFC05C8F4CE7BD9A56BF /* Pods-WeatherForecast.release.xcconfig */;
			buildSettings = {
				ASSETCATALOG_COMPILER_APPICON_NAME = AppIcon;
				ASSETCATALOG_COMPILER_GLOBAL_ACCENT_COLOR_NAME = AccentColor;
				CODE_SIGN_STYLE = Automatic;
				DEVELOPMENT_TEAM = 63GF6U6PKH;
				INFOPLIST_FILE = WeatherForecast/Info.plist;
				LD_RUNPATH_SEARCH_PATHS = (
					"$(inherited)",
					"@executable_path/Frameworks",
				);
				PRODUCT_BUNDLE_IDENTIFIER = "Ahmed-Masoud.WeatherForecast";
				PRODUCT_NAME = "$(TARGET_NAME)";
				SWIFT_VERSION = 5.0;
				TARGETED_DEVICE_FAMILY = "1,2";
			};
			name = Release;
		};
		8B3C65DB255D16E3005B498B /* Debug */ = {
			isa = XCBuildConfiguration;
			baseConfigurationReference = 124DD171113FA9859AA65654 /* Pods-WeatherForecastTests.debug.xcconfig */;
			buildSettings = {
				ALWAYS_EMBED_SWIFT_STANDARD_LIBRARIES = YES;
				BUNDLE_LOADER = "$(TEST_HOST)";
				CODE_SIGN_STYLE = Automatic;
				DEVELOPMENT_TEAM = 63GF6U6PKH;
				INFOPLIST_FILE = WeatherForecastTests/Info.plist;
				IPHONEOS_DEPLOYMENT_TARGET = 14.0;
				LD_RUNPATH_SEARCH_PATHS = (
					"$(inherited)",
					"@executable_path/Frameworks",
					"@loader_path/Frameworks",
				);
				PRODUCT_BUNDLE_IDENTIFIER = "Ahmed-Masoud.WeatherForecastTests";
				PRODUCT_NAME = "$(TARGET_NAME)";
				SWIFT_VERSION = 5.0;
				TARGETED_DEVICE_FAMILY = "1,2";
				TEST_HOST = "$(BUILT_PRODUCTS_DIR)/WeatherForecast.app/WeatherForecast";
			};
			name = Debug;
		};
		8B3C65DC255D16E3005B498B /* Release */ = {
			isa = XCBuildConfiguration;
			baseConfigurationReference = 893A69947FD53AC847CAE659 /* Pods-WeatherForecastTests.release.xcconfig */;
			buildSettings = {
				ALWAYS_EMBED_SWIFT_STANDARD_LIBRARIES = YES;
				BUNDLE_LOADER = "$(TEST_HOST)";
				CODE_SIGN_STYLE = Automatic;
				DEVELOPMENT_TEAM = 63GF6U6PKH;
				INFOPLIST_FILE = WeatherForecastTests/Info.plist;
				IPHONEOS_DEPLOYMENT_TARGET = 14.0;
				LD_RUNPATH_SEARCH_PATHS = (
					"$(inherited)",
					"@executable_path/Frameworks",
					"@loader_path/Frameworks",
				);
				PRODUCT_BUNDLE_IDENTIFIER = "Ahmed-Masoud.WeatherForecastTests";
				PRODUCT_NAME = "$(TARGET_NAME)";
				SWIFT_VERSION = 5.0;
				TARGETED_DEVICE_FAMILY = "1,2";
				TEST_HOST = "$(BUILT_PRODUCTS_DIR)/WeatherForecast.app/WeatherForecast";
			};
			name = Release;
		};
		8B3C65DE255D16E3005B498B /* Debug */ = {
			isa = XCBuildConfiguration;
			baseConfigurationReference = B60C31719E54DF52A00E4FCC /* Pods-WeatherForecast-WeatherForecastUITests.debug.xcconfig */;
			buildSettings = {
				ALWAYS_EMBED_SWIFT_STANDARD_LIBRARIES = YES;
				CODE_SIGN_STYLE = Automatic;
				DEVELOPMENT_TEAM = 63GF6U6PKH;
				INFOPLIST_FILE = WeatherForecastUITests/Info.plist;
				LD_RUNPATH_SEARCH_PATHS = (
					"$(inherited)",
					"@executable_path/Frameworks",
					"@loader_path/Frameworks",
				);
				PRODUCT_BUNDLE_IDENTIFIER = "Ahmed-Masoud.WeatherForecastUITests";
				PRODUCT_NAME = "$(TARGET_NAME)";
				SWIFT_VERSION = 5.0;
				TARGETED_DEVICE_FAMILY = "1,2";
				TEST_TARGET_NAME = WeatherForecast;
			};
			name = Debug;
		};
		8B3C65DF255D16E3005B498B /* Release */ = {
			isa = XCBuildConfiguration;
			baseConfigurationReference = 5DF3E5809219C7C09E5B6806 /* Pods-WeatherForecast-WeatherForecastUITests.release.xcconfig */;
			buildSettings = {
				ALWAYS_EMBED_SWIFT_STANDARD_LIBRARIES = YES;
				CODE_SIGN_STYLE = Automatic;
				DEVELOPMENT_TEAM = 63GF6U6PKH;
				INFOPLIST_FILE = WeatherForecastUITests/Info.plist;
				LD_RUNPATH_SEARCH_PATHS = (
					"$(inherited)",
					"@executable_path/Frameworks",
					"@loader_path/Frameworks",
				);
				PRODUCT_BUNDLE_IDENTIFIER = "Ahmed-Masoud.WeatherForecastUITests";
				PRODUCT_NAME = "$(TARGET_NAME)";
				SWIFT_VERSION = 5.0;
				TARGETED_DEVICE_FAMILY = "1,2";
				TEST_TARGET_NAME = WeatherForecast;
			};
			name = Release;
		};
/* End XCBuildConfiguration section */

/* Begin XCConfigurationList section */
		8B3C65A8255D16E0005B498B /* Build configuration list for PBXProject "WeatherForecast" */ = {
			isa = XCConfigurationList;
			buildConfigurations = (
				8B3C65D5255D16E3005B498B /* Debug */,
				8B3C65D6255D16E3005B498B /* Release */,
			);
			defaultConfigurationIsVisible = 0;
			defaultConfigurationName = Release;
		};
		8B3C65D7255D16E3005B498B /* Build configuration list for PBXNativeTarget "WeatherForecast" */ = {
			isa = XCConfigurationList;
			buildConfigurations = (
				8B3C65D8255D16E3005B498B /* Debug */,
				8B3C65D9255D16E3005B498B /* Release */,
			);
			defaultConfigurationIsVisible = 0;
			defaultConfigurationName = Release;
		};
		8B3C65DA255D16E3005B498B /* Build configuration list for PBXNativeTarget "WeatherForecastTests" */ = {
			isa = XCConfigurationList;
			buildConfigurations = (
				8B3C65DB255D16E3005B498B /* Debug */,
				8B3C65DC255D16E3005B498B /* Release */,
			);
			defaultConfigurationIsVisible = 0;
			defaultConfigurationName = Release;
		};
		8B3C65DD255D16E3005B498B /* Build configuration list for PBXNativeTarget "WeatherForecastUITests" */ = {
			isa = XCConfigurationList;
			buildConfigurations = (
				8B3C65DE255D16E3005B498B /* Debug */,
				8B3C65DF255D16E3005B498B /* Release */,
			);
			defaultConfigurationIsVisible = 0;
			defaultConfigurationName = Release;
		};
/* End XCConfigurationList section */
	};
	rootObject = 8B3C65A5255D16E0005B498B /* Project object */;
}
